<?xml version="1.0" encoding="utf-8"?>
<Project ToolsVersion="4.0" xmlns="http://schemas.microsoft.com/developer/msbuild/2003">
  <ItemGroup>
    <Filter Include="Source Files">
      <UniqueIdentifier>{4FC737F1-C7A5-4376-A066-2A32D752A2FF}</UniqueIdentifier>
      <Extensions>cpp;c;cc;cxx;c++;cppm;ixx;def;odl;idl;hpj;bat;asm;asmx</Extensions>
    </Filter>
    <Filter Include="Header Files">
      <UniqueIdentifier>{93995380-89BD-4b04-88EB-625FBE52EBFB}</UniqueIdentifier>
      <Extensions>h;hh;hpp;hxx;h++;hm;inl;inc;ipp;xsd</Extensions>
    </Filter>
    <Filter Include="Resource Files">
      <UniqueIdentifier>{67DA6AB6-F800-4c08-8B7A-83BB121AAD01}</UniqueIdentifier>
      <Extensions>rc;ico;cur;bmp;dlg;rc2;rct;bin;rgs;gif;jpg;jpeg;jpe;resx;tiff;tif;png;wav;mfcribbon-ms</Extensions>
    </Filter>
    <Filter Include="Header Files\Shared">
      <UniqueIdentifier>{75adb47f-c813-4eb4-9157-a4e889e10acb}</UniqueIdentifier>
    </Filter>
    <Filter Include="Source Files\Shared">
      <UniqueIdentifier>{2bc93361-cc03-4a7b-a214-a9a408a2e20d}</UniqueIdentifier>
    </Filter>
    <Filter Include="Header Files\Components">
      <UniqueIdentifier>{c713db5c-e9ea-4b9c-b2d3-a158a4335455}</UniqueIdentifier>
    </Filter>
    <Filter Include="Source Files\Components">
      <UniqueIdentifier>{08eeebfd-3f12-4cb4-aa59-9d44ec7dba8c}</UniqueIdentifier>
    </Filter>
    <Filter Include="Header Files\AssetIO">
      <UniqueIdentifier>{7dac1325-b3a6-4ed1-914e-07a3c6392050}</UniqueIdentifier>
    </Filter>
    <Filter Include="Source Files\AssetIO">
      <UniqueIdentifier>{77ced673-2451-4595-bbc2-438364e560be}</UniqueIdentifier>
    </Filter>
    <Filter Include="Header Files\Definitions">
      <UniqueIdentifier>{d5aab4d8-0969-4645-b01f-88e3d751d591}</UniqueIdentifier>
    </Filter>
    <Filter Include="Source Files\Definitions">
      <UniqueIdentifier>{44a2756f-4c62-4262-9355-d4f6bb482fff}</UniqueIdentifier>
    </Filter>
    <Filter Include="Header Files\ImGui">
      <UniqueIdentifier>{54af422e-42c2-450f-a49c-27711cc15c7c}</UniqueIdentifier>
    </Filter>
    <Filter Include="Source Files\ImGui">
      <UniqueIdentifier>{d980fd95-d5c5-47d6-809d-855c94403464}</UniqueIdentifier>
    </Filter>
    <Filter Include="Header Files\Panels">
      <UniqueIdentifier>{33197d15-e918-4f5c-b60f-067c94b59a09}</UniqueIdentifier>
    </Filter>
    <Filter Include="Source Files\Panels">
      <UniqueIdentifier>{cedfc1a4-fc23-417d-8aa1-cb039f4d64b1}</UniqueIdentifier>
    </Filter>
    <Filter Include="Header Files\ACES">
      <UniqueIdentifier>{274889c7-ef88-41e1-855c-98fcc78c115c}</UniqueIdentifier>
    </Filter>
    <Filter Include="Source Files\ACES">
      <UniqueIdentifier>{71c87637-3b08-4fd8-977e-84f7aa781ef3}</UniqueIdentifier>
    </Filter>
    <Filter Include="Header Files\RenderPass">
      <UniqueIdentifier>{0cb11259-80e0-4af8-9c99-e699148094c5}</UniqueIdentifier>
    </Filter>
    <Filter Include="Source Files\RenderPass">
      <UniqueIdentifier>{96cc32c3-6146-4fc0-b6f8-ab92ddb022c6}</UniqueIdentifier>
    </Filter>
  </ItemGroup>
  <ItemGroup>
    <ClCompile Include="Main.cpp">
      <Filter>Source Files</Filter>
    </ClCompile>
    <ClCompile Include="AfterglowApplication.cpp">
      <Filter>Source Files</Filter>
    </ClCompile>
    <ClCompile Include="AfterglowUtilities.cpp">
      <Filter>Source Files</Filter>
    </ClCompile>
    <ClCompile Include="AfterglowInstance.cpp">
      <Filter>Source Files</Filter>
    </ClCompile>
    <ClCompile Include="AfterglowProxyObject.cpp">
      <Filter>Source Files</Filter>
    </ClCompile>
    <ClCompile Include="AfterglowWindow.cpp">
      <Filter>Source Files</Filter>
    </ClCompile>
    <ClCompile Include="AfterglowContext.cpp">
      <Filter>Source Files</Filter>
    </ClCompile>
    <ClCompile Include="AfterglowObject.cpp">
      <Filter>Source Files</Filter>
    </ClCompile>
    <ClCompile Include="AfterglowDebugMessenger.cpp">
      <Filter>Source Files</Filter>
    </ClCompile>
    <ClCompile Include="AfterglowSurface.cpp">
      <Filter>Source Files</Filter>
    </ClCompile>
    <ClCompile Include="AfterglowPhysicalDevice.cpp">
      <Filter>Source Files</Filter>
    </ClCompile>
    <ClCompile Include="AfterglowDevice.cpp">
      <Filter>Source Files</Filter>
    </ClCompile>
    <ClCompile Include="AfterglowSwapchain.cpp">
      <Filter>Source Files</Filter>
    </ClCompile>
    <ClCompile Include="AfterglowImageView.cpp">
      <Filter>Source Files</Filter>
    </ClCompile>
    <ClCompile Include="AfterglowPipelineLayout.cpp">
      <Filter>Source Files</Filter>
    </ClCompile>
    <ClCompile Include="AfterglowPipeline.cpp">
      <Filter>Source Files</Filter>
    </ClCompile>
    <ClCompile Include="AfterglowShaderModule.cpp">
      <Filter>Source Files</Filter>
    </ClCompile>
    <ClCompile Include="AfterglowFramebuffer.cpp">
      <Filter>Source Files</Filter>
    </ClCompile>
    <ClCompile Include="AfterglowFramebufferManager.cpp">
      <Filter>Source Files</Filter>
    </ClCompile>
    <ClCompile Include="AfterglowCommandPool.cpp">
      <Filter>Source Files</Filter>
    </ClCompile>
    <ClCompile Include="AfterglowCommandBuffer.cpp">
      <Filter>Source Files</Filter>
    </ClCompile>
    <ClCompile Include="AfterglowSynchronizer.cpp">
      <Filter>Source Files</Filter>
    </ClCompile>
    <ClCompile Include="AfterglowGraphicsQueue.cpp">
      <Filter>Source Files</Filter>
    </ClCompile>
    <ClCompile Include="AfterglowPresentQueue.cpp">
      <Filter>Source Files</Filter>
    </ClCompile>
    <ClCompile Include="AfterglowVertexBuffer.cpp">
      <Filter>Source Files</Filter>
    </ClCompile>
    <ClCompile Include="AfterglowVertex.cpp">
      <Filter>Source Files</Filter>
    </ClCompile>
    <ClCompile Include="AfterglowDeviceMemory.cpp">
      <Filter>Source Files</Filter>
    </ClCompile>
    <ClCompile Include="AfterglowBuffer.cpp">
      <Filter>Source Files</Filter>
    </ClCompile>
    <ClCompile Include="AfterglowStagingBuffer.cpp">
      <Filter>Source Files</Filter>
    </ClCompile>
    <ClCompile Include="AfterglowIndexBuffer.cpp">
      <Filter>Source Files</Filter>
    </ClCompile>
    <ClCompile Include="AfterglowCommandManager.cpp">
      <Filter>Source Files</Filter>
    </ClCompile>
    <ClCompile Include="AfterglowDescriptorSetLayout.cpp">
      <Filter>Source Files</Filter>
    </ClCompile>
    <ClCompile Include="AfterglowUniformBuffer.cpp">
      <Filter>Source Files</Filter>
    </ClCompile>
    <ClCompile Include="AfterglowDescriptorPool.cpp">
      <Filter>Source Files</Filter>
    </ClCompile>
    <ClCompile Include="AfterglowDescriptorSets.cpp">
      <Filter>Source Files</Filter>
    </ClCompile>
    <ClCompile Include="AfterglowProxyArray.cpp">
      <Filter>Source Files</Filter>
    </ClCompile>
    <ClCompile Include="AfterglowImage.cpp">
      <Filter>Source Files</Filter>
    </ClCompile>
    <ClCompile Include="AfterglowProxyTemplate.cpp">
      <Filter>Source Files</Filter>
    </ClCompile>
    <ClCompile Include="AfterglowSampler.cpp">
      <Filter>Source Files</Filter>
    </ClCompile>
    <ClCompile Include="LocalClock.cpp">
      <Filter>Source Files\Shared</Filter>
    </ClCompile>
    <ClCompile Include="AfterglowTextureImage.cpp">
      <Filter>Source Files</Filter>
    </ClCompile>
    <ClCompile Include="AfterglowDepthImage.cpp">
      <Filter>Source Files</Filter>
    </ClCompile>
    <ClCompile Include="AfterglowEntity.cpp">
      <Filter>Source Files</Filter>
    </ClCompile>
    <ClCompile Include="AfterglowColorImage.cpp">
      <Filter>Source Files</Filter>
    </ClCompile>
    <ClCompile Include="AfterglowStorageBuffer.cpp">
      <Filter>Source Files</Filter>
    </ClCompile>
    <ClCompile Include="AfterglowComputeQueue.cpp">
      <Filter>Source Files</Filter>
    </ClCompile>
    <ClCompile Include="AfterglowQueue.cpp">
      <Filter>Source Files</Filter>
    </ClCompile>
    <ClCompile Include="AfterglowComputePipeline.cpp">
      <Filter>Source Files</Filter>
    </ClCompile>
    <ClCompile Include="AfterglowScene.cpp">
      <Filter>Source Files</Filter>
    </ClCompile>
    <ClCompile Include="AfterglowTransform.cpp">
      <Filter>Source Files</Filter>
    </ClCompile>
    <ClCompile Include="AfterglowMaterial.cpp">
      <Filter>Source Files</Filter>
    </ClCompile>
    <ClCompile Include="AfterglowRenderer.cpp">
      <Filter>Source Files</Filter>
    </ClCompile>
    <ClCompile Include="AfterglowMaterialInstance.cpp">
      <Filter>Source Files</Filter>
    </ClCompile>
    <ClCompile Include="AfterglowMaterialManager.cpp">
      <Filter>Source Files</Filter>
    </ClCompile>
    <ClCompile Include="AfterglowMeshManager.cpp">
      <Filter>Source Files</Filter>
    </ClCompile>
    <ClCompile Include="AfterglowDescriptorSetWriter.cpp">
      <Filter>Source Files</Filter>
    </ClCompile>
    <ClCompile Include="AfterglowSystem.cpp">
      <Filter>Source Files</Filter>
    </ClCompile>
    <ClCompile Include="AfterglowCameraComponent.cpp">
      <Filter>Source Files\Components</Filter>
    </ClCompile>
    <ClCompile Include="AfterglowActionComponent.cpp">
      <Filter>Source Files\Components</Filter>
    </ClCompile>
    <ClCompile Include="AfterglowTransformComponent.cpp">
      <Filter>Source Files\Components</Filter>
    </ClCompile>
    <ClCompile Include="AfterglowStaticMeshComponent.cpp">
      <Filter>Source Files\Components</Filter>
    </ClCompile>
    <ClCompile Include="AfterglowComponent.cpp">
      <Filter>Source Files\Components</Filter>
    </ClCompile>
    <ClCompile Include="AfterglowComponentBase.cpp">
      <Filter>Source Files\Components</Filter>
    </ClCompile>
    <ClCompile Include="AfterglowComponentRegistery.cpp">
      <Filter>Source Files\Components</Filter>
    </ClCompile>
    <ClCompile Include="AfterglowComponentPool.cpp">
      <Filter>Source Files\Components</Filter>
    </ClCompile>
    <ClCompile Include="ActionComponentLibrary.cpp">
      <Filter>Source Files\Components</Filter>
    </ClCompile>
    <ClCompile Include="AfterglowRenderableContext.cpp">
      <Filter>Source Files</Filter>
    </ClCompile>
    <ClCompile Include="AfterglowMaterialLayout.cpp">
      <Filter>Source Files</Filter>
    </ClCompile>
    <ClCompile Include="AfterglowMaterialResource.cpp">
      <Filter>Source Files</Filter>
    </ClCompile>
    <ClCompile Include="AfterglowMeshResource.cpp">
      <Filter>Source Files</Filter>
    </ClCompile>
    <ClCompile Include="AfterglowColor.cpp">
      <Filter>Source Files</Filter>
    </ClCompile>
    <ClCompile Include="AfterglowLightComponent.cpp">
      <Filter>Source Files\Components</Filter>
    </ClCompile>
    <ClCompile Include="AfterglowDirectionalLightComponent.cpp">
      <Filter>Source Files\Components</Filter>
    </ClCompile>
    <ClCompile Include="AfterglowModelAsset.cpp">
      <Filter>Source Files\AssetIO</Filter>
    </ClCompile>
    <ClCompile Include="AfterglowImageAsset.cpp">
      <Filter>Source Files\AssetIO</Filter>
    </ClCompile>
    <ClCompile Include="AfterglowMaterialAsset.cpp">
      <Filter>Source Files\AssetIO</Filter>
    </ClCompile>
    <ClCompile Include="AfterglowAssetMonitor.cpp">
      <Filter>Source Files\AssetIO</Filter>
    </ClCompile>
    <ClCompile Include="AfterglowShaderAsset.cpp">
      <Filter>Source Files\AssetIO</Filter>
    </ClCompile>
    <ClCompile Include="AfterglowMaterialInstanceAsset.cpp">
      <Filter>Source Files\AssetIO</Filter>
    </ClCompile>
    <ClCompile Include="AfterglowPostProcessComponent.cpp">
      <Filter>Source Files\Components</Filter>
    </ClCompile>
    <ClCompile Include="AfterglowShape.cpp">
      <Filter>Source Files</Filter>
    </ClCompile>
    <ClCompile Include="AfterglowDxcIncludeHandler.cpp">
      <Filter>Source Files</Filter>
    </ClCompile>
    <ClCompile Include="AfterglowSystemUtilities.cpp">
      <Filter>Source Files</Filter>
    </ClCompile>
    <ClCompile Include="AfterglowDescriptorSetReferences.cpp">
      <Filter>Source Files</Filter>
    </ClCompile>
    <ClCompile Include="FunctionTraits.h">
      <Filter>Header Files\Shared</Filter>
    </ClCompile>
    <ClCompile Include="RenderDefinitions.cpp">
      <Filter>Source Files\Definitions</Filter>
    </ClCompile>
    <ClCompile Include="ShaderDefinitions.cpp">
      <Filter>Source Files\Definitions</Filter>
    </ClCompile>
    <ClCompile Include="AssetDefinitions.cpp">
      <Filter>Source Files\Definitions</Filter>
    </ClCompile>
    <ClCompile Include="GlobalAssets.cpp">
      <Filter>Source Files\Definitions</Filter>
    </ClCompile>
    <ClCompile Include="AfterglowModelAssetCache.cpp">
      <Filter>Source Files\AssetIO</Filter>
    </ClCompile>
    <ClCompile Include="AfterglowInput.cpp">
      <Filter>Source Files</Filter>
    </ClCompile>
    <ClCompile Include="AfterglowSharedMeshPool.cpp">
      <Filter>Source Files</Filter>
    </ClCompile>
    <ClCompile Include="AfterglowReferenceCounter.cpp">
      <Filter>Source Files</Filter>
    </ClCompile>
    <ClCompile Include="AfterglowSharedTexturePool.cpp">
      <Filter>Source Files</Filter>
    </ClCompile>
    <ClCompile Include="AfterglowSharedResourcePool.cpp">
      <Filter>Source Files</Filter>
    </ClCompile>
    <ClCompile Include="AfterglowSemaphores.cpp">
      <Filter>Source Files</Filter>
    </ClCompile>
    <ClCompile Include="AfterglowFences.cpp">
      <Filter>Source Files</Filter>
    </ClCompile>
    <ClCompile Include="AfterglowComputeTask.cpp">
      <Filter>Source Files</Filter>
    </ClCompile>
    <ClCompile Include="AfterglowComputeCommandBuffer.cpp">
      <Filter>Source Files</Filter>
    </ClCompile>
    <ClCompile Include="AfterglowDrawCommandBuffer.cpp">
      <Filter>Source Files</Filter>
    </ClCompile>
    <ClCompile Include="ComputeDefinitions.cpp">
      <Filter>Source Files\Definitions</Filter>
    </ClCompile>
    <ClCompile Include="AfterglowStructLayout.cpp">
      <Filter>Source Files</Filter>
    </ClCompile>
    <ClCompile Include="AfterglowSSBOInitializer.cpp">
      <Filter>Source Files</Filter>
    </ClCompile>
    <ClCompile Include="AfterglowSSBOInfo.cpp">
      <Filter>Source Files</Filter>
    </ClCompile>
    <ClCompile Include="AfterglowStructuredData.cpp">
      <Filter>Source Files</Filter>
    </ClCompile>
    <ClCompile Include="AfterglowComputeComponent.cpp">
      <Filter>Source Files\Components</Filter>
    </ClCompile>
    <ClCompile Include="AfterglowMaterialAssetRegistrar.cpp">
      <Filter>Source Files</Filter>
    </ClCompile>
    <ClCompile Include="Libraries\imgui-1.92.3\imgui.cpp">
      <Filter>Source Files\ImGui</Filter>
    </ClCompile>
    <ClCompile Include="Libraries\imgui-1.92.3\imgui_demo.cpp">
      <Filter>Source Files\ImGui</Filter>
    </ClCompile>
    <ClCompile Include="Libraries\imgui-1.92.3\imgui_draw.cpp">
      <Filter>Source Files\ImGui</Filter>
    </ClCompile>
    <ClCompile Include="Libraries\imgui-1.92.3\imgui_tables.cpp">
      <Filter>Source Files\ImGui</Filter>
    </ClCompile>
    <ClCompile Include="Libraries\imgui-1.92.3\imgui_widgets.cpp">
      <Filter>Source Files\ImGui</Filter>
    </ClCompile>
    <ClCompile Include="Libraries\imgui-1.92.3\backends\imgui_impl_glfw.cpp">
      <Filter>Source Files\ImGui</Filter>
    </ClCompile>
    <ClCompile Include="Libraries\imgui-1.92.3\backends\imgui_impl_vulkan.cpp">
      <Filter>Source Files\ImGui</Filter>
    </ClCompile>
    <ClCompile Include="AfterglowPanel.cpp">
      <Filter>Source Files\Panels</Filter>
    </ClCompile>
    <ClCompile Include="AfterglowRenderPanel.cpp">
      <Filter>Source Files\Panels</Filter>
    </ClCompile>
    <ClCompile Include="AfterglowGUI.cpp">
      <Filter>Source Files\Panels</Filter>
    </ClCompile>
    <ClCompile Include="AfterglowRenderStatus.cpp">
      <Filter>Source Files</Filter>
    </ClCompile>
    <ClCompile Include="AfterglowTicker.cpp">
      <Filter>Source Files</Filter>
    </ClCompile>
    <ClCompile Include="AfterglowConsolePanel.cpp">
      <Filter>Source Files\Panels</Filter>
    </ClCompile>
    <ClCompile Include="AfterglowSystemPanel.cpp">
      <Filter>Source Files\Panels</Filter>
    </ClCompile>
    <ClCompile Include="AfterglowFPSCarousel.cpp">
      <Filter>Source Files</Filter>
    </ClCompile>
    <ClCompile Include="AfterglowScenePanel.cpp">
      <Filter>Source Files\Panels</Filter>
    </ClCompile>
    <ClCompile Include="AfterglowStorageImage.cpp">
      <Filter>Source Files</Filter>
    </ClCompile>
    <ClCompile Include="ASNIColor.h">
      <Filter>Header Files\Shared</Filter>
    </ClCompile>
    <ClCompile Include="AfterglowMaterialUtilities.cpp">
      <Filter>Source Files</Filter>
    </ClCompile>
    <ClCompile Include="AfterglowShapeMeshResource.cpp">
      <Filter>Source Files</Filter>
    </ClCompile>
    <ClCompile Include="ACESUtilities.cpp">
      <Filter>Source Files\ACES</Filter>
    </ClCompile>
    <ClCompile Include="AfterglowRenderableComponent.cpp">
      <Filter>Source Files\Components</Filter>
    </ClCompile>
    <ClCompile Include="AfterglowUserInterfacePass.cpp">
      <Filter>Source Files\RenderPass</Filter>
    </ClCompile>
    <ClCompile Include="AfterglowBloomPassSet.cpp">
      <Filter>Source Files\RenderPass</Filter>
    </ClCompile>
    <ClCompile Include="AfterglowForwardPass.cpp">
      <Filter>Source Files\RenderPass</Filter>
    </ClCompile>
    <ClCompile Include="AfterglowPassInterface.cpp">
      <Filter>Source Files\RenderPass</Filter>
    </ClCompile>
    <ClCompile Include="AfterglowPostProcessPass.cpp">
      <Filter>Source Files\RenderPass</Filter>
    </ClCompile>
    <ClCompile Include="AfterglowRenderPass.cpp">
      <Filter>Source Files\RenderPass</Filter>
    </ClCompile>
    <ClCompile Include="AfterglowPassManager.cpp">
      <Filter>Source Files\RenderPass</Filter>
    </ClCompile>
    <ClCompile Include="AfterglowSubpassContext.cpp">
      <Filter>Source Files\RenderPass</Filter>
    </ClCompile>
    <ClCompile Include="AfterglowPassSet.cpp">
      <Filter>Source Files\RenderPass</Filter>
    </ClCompile>
    <ClCompile Include="AfterglowTransparencyPass.cpp">
      <Filter>Source Files\RenderPass</Filter>
    </ClCompile>
    <ClCompile Include="ACESCommon.cpp">
      <Filter>Source Files\ACES</Filter>
    </ClCompile>
    <ClCompile Include="ACESOutputDevice.cpp">
      <Filter>Source Files\ACES</Filter>
    </ClCompile>
    <ClCompile Include="AfterglowDownSamplingPass.cpp">
      <Filter>Source Files\RenderPass</Filter>
    </ClCompile>
    <ClCompile Include="AfterglowBloomPass.cpp">
      <Filter>Source Files\RenderPass</Filter>
    </ClCompile>
    <ClCompile Include="AfterglowShapeMeshComponent.cpp">
      <Filter>Source Files\Components</Filter>
    </ClCompile>
    <ClCompile Include="AfterglowCullingUtilities.cpp">
      <Filter>Source Files</Filter>
    </ClCompile>
  </ItemGroup>
  <ItemGroup>
    <ClInclude Include="DebugUtilities.h">
      <Filter>Header Files\Shared</Filter>
    </ClInclude>
    <ClInclude Include="LocalClock.h">
      <Filter>Header Files\Shared</Filter>
    </ClInclude>
    <ClInclude Include="AfterglowApplication.h">
      <Filter>Header Files</Filter>
    </ClInclude>
    <ClInclude Include="AfterglowBuffer.h">
      <Filter>Header Files</Filter>
    </ClInclude>
    <ClInclude Include="AfterglowCommandBuffer.h">
      <Filter>Header Files</Filter>
    </ClInclude>
    <ClInclude Include="AfterglowCommandManager.h">
      <Filter>Header Files</Filter>
    </ClInclude>
    <ClInclude Include="AfterglowCommandPool.h">
      <Filter>Header Files</Filter>
    </ClInclude>
    <ClInclude Include="AfterglowUtilities.h">
      <Filter>Header Files</Filter>
    </ClInclude>
    <ClInclude Include="AfterglowContext.h">
      <Filter>Header Files</Filter>
    </ClInclude>
    <ClInclude Include="AfterglowDebugMessenger.h">
      <Filter>Header Files</Filter>
    </ClInclude>
    <ClInclude Include="AfterglowDescriptorPool.h">
      <Filter>Header Files</Filter>
    </ClInclude>
    <ClInclude Include="AfterglowDescriptorSets.h">
      <Filter>Header Files</Filter>
    </ClInclude>
    <ClInclude Include="AfterglowDescriptorSetLayout.h">
      <Filter>Header Files</Filter>
    </ClInclude>
    <ClInclude Include="AfterglowDevice.h">
      <Filter>Header Files</Filter>
    </ClInclude>
    <ClInclude Include="AfterglowDeviceMemory.h">
      <Filter>Header Files</Filter>
    </ClInclude>
    <ClInclude Include="AfterglowFramebuffer.h">
      <Filter>Header Files</Filter>
    </ClInclude>
    <ClInclude Include="AfterglowFramebufferManager.h">
      <Filter>Header Files</Filter>
    </ClInclude>
    <ClInclude Include="AfterglowGraphicsQueue.h">
      <Filter>Header Files</Filter>
    </ClInclude>
    <ClInclude Include="AfterglowImage.h">
      <Filter>Header Files</Filter>
    </ClInclude>
    <ClInclude Include="AfterglowImageView.h">
      <Filter>Header Files</Filter>
    </ClInclude>
    <ClInclude Include="AfterglowIndexBuffer.h">
      <Filter>Header Files</Filter>
    </ClInclude>
    <ClInclude Include="AfterglowInstance.h">
      <Filter>Header Files</Filter>
    </ClInclude>
    <ClInclude Include="AfterglowObject.h">
      <Filter>Header Files</Filter>
    </ClInclude>
    <ClInclude Include="AfterglowPhysicalDevice.h">
      <Filter>Header Files</Filter>
    </ClInclude>
    <ClInclude Include="AfterglowPipeline.h">
      <Filter>Header Files</Filter>
    </ClInclude>
    <ClInclude Include="AfterglowPipelineLayout.h">
      <Filter>Header Files</Filter>
    </ClInclude>
    <ClInclude Include="AfterglowPresentQueue.h">
      <Filter>Header Files</Filter>
    </ClInclude>
    <ClInclude Include="AfterglowProxyArray.h">
      <Filter>Header Files</Filter>
    </ClInclude>
    <ClInclude Include="AfterglowProxyObject.h">
      <Filter>Header Files</Filter>
    </ClInclude>
    <ClInclude Include="AfterglowProxyTemplate.h">
      <Filter>Header Files</Filter>
    </ClInclude>
    <ClInclude Include="AfterglowSampler.h">
      <Filter>Header Files</Filter>
    </ClInclude>
    <ClInclude Include="AfterglowShaderModule.h">
      <Filter>Header Files</Filter>
    </ClInclude>
    <ClInclude Include="AfterglowStagingBuffer.h">
      <Filter>Header Files</Filter>
    </ClInclude>
    <ClInclude Include="AfterglowSurface.h">
      <Filter>Header Files</Filter>
    </ClInclude>
    <ClInclude Include="AfterglowSwapchain.h">
      <Filter>Header Files</Filter>
    </ClInclude>
    <ClInclude Include="AfterglowSynchronizer.h">
      <Filter>Header Files</Filter>
    </ClInclude>
    <ClInclude Include="AfterglowUniformBuffer.h">
      <Filter>Header Files</Filter>
    </ClInclude>
    <ClInclude Include="AfterglowVertex.h">
      <Filter>Header Files</Filter>
    </ClInclude>
    <ClInclude Include="AfterglowVertexBuffer.h">
      <Filter>Header Files</Filter>
    </ClInclude>
    <ClInclude Include="AfterglowWindow.h">
      <Filter>Header Files</Filter>
    </ClInclude>
    <ClInclude Include="AfterglowTextureImage.h">
      <Filter>Header Files</Filter>
    </ClInclude>
    <ClInclude Include="AfterglowDepthImage.h">
      <Filter>Header Files</Filter>
    </ClInclude>
    <ClInclude Include="AfterglowEntity.h">
      <Filter>Header Files</Filter>
    </ClInclude>
    <ClInclude Include="AfterglowColorImage.h">
      <Filter>Header Files</Filter>
    </ClInclude>
    <ClInclude Include="AfterglowStorageBuffer.h">
      <Filter>Header Files</Filter>
    </ClInclude>
    <ClInclude Include="AfterglowComputeQueue.h">
      <Filter>Header Files</Filter>
    </ClInclude>
    <ClInclude Include="AfterglowQueue.h">
      <Filter>Header Files</Filter>
    </ClInclude>
    <ClInclude Include="AfterglowComputePipeline.h">
      <Filter>Header Files</Filter>
    </ClInclude>
    <ClInclude Include="AfterglowScene.h">
      <Filter>Header Files</Filter>
    </ClInclude>
    <ClInclude Include="AfterglowTransform.h">
      <Filter>Header Files</Filter>
    </ClInclude>
    <ClInclude Include="AfterglowMaterial.h">
      <Filter>Header Files</Filter>
    </ClInclude>
    <ClInclude Include="AfterglowRenderer.h">
      <Filter>Header Files</Filter>
    </ClInclude>
    <ClInclude Include="AfterglowMaterialInstance.h">
      <Filter>Header Files</Filter>
    </ClInclude>
    <ClInclude Include="IndexableTree.h">
      <Filter>Header Files\Shared</Filter>
    </ClInclude>
    <ClInclude Include="IndexableNode.h">
      <Filter>Header Files\Shared</Filter>
    </ClInclude>
    <ClInclude Include="AfterglowMaterialManager.h">
      <Filter>Header Files</Filter>
    </ClInclude>
    <ClInclude Include="AfterglowMeshManager.h">
      <Filter>Header Files</Filter>
    </ClInclude>
    <ClInclude Include="AfterglowDescriptorSetWriter.h">
      <Filter>Header Files</Filter>
    </ClInclude>
    <ClInclude Include="AfterglowSystem.h">
      <Filter>Header Files</Filter>
    </ClInclude>
    <ClInclude Include="AfterglowActionComponent.h">
      <Filter>Header Files\Components</Filter>
    </ClInclude>
    <ClInclude Include="AfterglowCameraComponent.h">
      <Filter>Header Files\Components</Filter>
    </ClInclude>
    <ClInclude Include="AfterglowStaticMeshComponent.h">
      <Filter>Header Files\Components</Filter>
    </ClInclude>
    <ClInclude Include="AfterglowTransformComponent.h">
      <Filter>Header Files\Components</Filter>
    </ClInclude>
    <ClInclude Include="AfterglowComponent.h">
      <Filter>Header Files\Components</Filter>
    </ClInclude>
    <ClInclude Include="AfterglowComponentBase.h">
      <Filter>Header Files\Components</Filter>
    </ClInclude>
    <ClInclude Include="AfterglowComponentPool.h">
      <Filter>Header Files\Components</Filter>
    </ClInclude>
    <ClInclude Include="AfterglowComponentRegistery.h">
      <Filter>Header Files\Components</Filter>
    </ClInclude>
    <ClInclude Include="ActionComponentLibrary.h">
      <Filter>Header Files\Components</Filter>
    </ClInclude>
    <ClInclude Include="AfterglowRenderableContext.h">
      <Filter>Header Files</Filter>
    </ClInclude>
    <ClInclude Include="AfterglowMaterialLayout.h">
      <Filter>Header Files</Filter>
    </ClInclude>
    <ClInclude Include="AfterglowMaterialResource.h">
      <Filter>Header Files</Filter>
    </ClInclude>
    <ClInclude Include="AfterglowMeshResource.h">
      <Filter>Header Files</Filter>
    </ClInclude>
    <ClInclude Include="AfterglowColor.h">
      <Filter>Header Files</Filter>
    </ClInclude>
    <ClInclude Include="AfterglowLightComponent.h">
      <Filter>Header Files\Components</Filter>
    </ClInclude>
    <ClInclude Include="AfterglowDirectionalLightComponent.h">
      <Filter>Header Files\Components</Filter>
    </ClInclude>
    <ClInclude Include="AfterglowImageAsset.h">
      <Filter>Header Files\AssetIO</Filter>
    </ClInclude>
    <ClInclude Include="AfterglowModelAsset.h">
      <Filter>Header Files\AssetIO</Filter>
    </ClInclude>
    <ClInclude Include="AfterglowMaterialAsset.h">
      <Filter>Header Files\AssetIO</Filter>
    </ClInclude>
    <ClInclude Include="Configurations.h">
      <Filter>Header Files\Definitions</Filter>
    </ClInclude>
    <ClInclude Include="ShaderDefinitions.h">
      <Filter>Header Files\Definitions</Filter>
    </ClInclude>
    <ClInclude Include="UniformBufferObjects.h">
      <Filter>Header Files\Definitions</Filter>
    </ClInclude>
    <ClInclude Include="AssetDefinitions.h">
      <Filter>Header Files\Definitions</Filter>
    </ClInclude>
    <ClInclude Include="AfterglowAssetMonitor.h">
      <Filter>Header Files\AssetIO</Filter>
    </ClInclude>
    <ClInclude Include="AfterglowShaderAsset.h">
      <Filter>Header Files\AssetIO</Filter>
    </ClInclude>
    <ClInclude Include="AfterglowMaterialInstanceAsset.h">
      <Filter>Header Files\AssetIO</Filter>
    </ClInclude>
    <ClInclude Include="VertexStructs.h">
      <Filter>Header Files\Definitions</Filter>
    </ClInclude>
    <ClInclude Include="RenderDefinitions.h">
      <Filter>Header Files\Definitions</Filter>
    </ClInclude>
    <ClInclude Include="AfterglowPostProcessComponent.h">
      <Filter>Header Files\Components</Filter>
    </ClInclude>
    <ClInclude Include="AfterglowShape.h">
      <Filter>Header Files</Filter>
    </ClInclude>
    <ClInclude Include="AfterglowDxcIncludeHandler.h">
      <Filter>Header Files</Filter>
    </ClInclude>
    <ClInclude Include="AfterglowSystemUtilities.h">
      <Filter>Header Files</Filter>
    </ClInclude>
    <ClInclude Include="AfterglowDescriptorSetReferences.h">
      <Filter>Header Files</Filter>
    </ClInclude>
    <ClInclude Include="Inreflect.h">
      <Filter>Header Files\Shared</Filter>
    </ClInclude>
    <ClInclude Include="TemplateString.h">
      <Filter>Header Files\Shared</Filter>
    </ClInclude>
    <ClInclude Include="Tests.h">
      <Filter>Header Files</Filter>
    </ClInclude>
    <ClInclude Include="GlobalAssets.h">
      <Filter>Header Files\Definitions</Filter>
    </ClInclude>
    <ClInclude Include="AfterglowModelAssetCache.h">
      <Filter>Header Files\AssetIO</Filter>
    </ClInclude>
    <ClInclude Include="AfterglowInput.h">
      <Filter>Header Files</Filter>
    </ClInclude>
    <ClInclude Include="AfterglowSharedMeshPool.h">
      <Filter>Header Files</Filter>
    </ClInclude>
    <ClInclude Include="AfterglowReferenceCounter.h">
      <Filter>Header Files</Filter>
    </ClInclude>
    <ClInclude Include="AfterglowSharedTexturePool.h">
      <Filter>Header Files</Filter>
    </ClInclude>
    <ClInclude Include="AfterglowSharedResourcePool.h">
      <Filter>Header Files</Filter>
    </ClInclude>
    <ClInclude Include="AfterglowSemaphores.h">
      <Filter>Header Files</Filter>
    </ClInclude>
    <ClInclude Include="AfterglowFences.h">
      <Filter>Header Files</Filter>
    </ClInclude>
    <ClInclude Include="AfterglowComputeTask.h">
      <Filter>Header Files</Filter>
    </ClInclude>
    <ClInclude Include="AfterglowComputeCommandBuffer.h">
      <Filter>Header Files</Filter>
    </ClInclude>
    <ClInclude Include="AfterglowDrawCommandBuffer.h">
      <Filter>Header Files</Filter>
    </ClInclude>
    <ClInclude Include="ComputeDefinitions.h">
      <Filter>Header Files\Definitions</Filter>
    </ClInclude>
    <ClInclude Include="AfterglowStructLayout.h">
      <Filter>Header Files</Filter>
    </ClInclude>
    <ClInclude Include="AfterglowSSBOInitializer.h">
      <Filter>Header Files</Filter>
    </ClInclude>
    <ClInclude Include="AfterglowSSBOInfo.h">
      <Filter>Header Files</Filter>
    </ClInclude>
    <ClInclude Include="AfterglowStructuredData.h">
      <Filter>Header Files</Filter>
    </ClInclude>
    <ClInclude Include="AfterglowComputeComponent.h">
      <Filter>Header Files\Components</Filter>
    </ClInclude>
    <ClInclude Include="AfterglowMaterialAssetRegistrar.h">
      <Filter>Header Files</Filter>
    </ClInclude>
    <ClInclude Include="Libraries\imgui-1.92.3\imconfig.h">
      <Filter>Header Files\ImGui</Filter>
    </ClInclude>
    <ClInclude Include="Libraries\imgui-1.92.3\imgui.h">
      <Filter>Header Files\ImGui</Filter>
    </ClInclude>
    <ClInclude Include="Libraries\imgui-1.92.3\imgui_internal.h">
      <Filter>Header Files\ImGui</Filter>
    </ClInclude>
    <ClInclude Include="Libraries\imgui-1.92.3\imstb_rectpack.h">
      <Filter>Header Files\ImGui</Filter>
    </ClInclude>
    <ClInclude Include="Libraries\imgui-1.92.3\imstb_textedit.h">
      <Filter>Header Files\ImGui</Filter>
    </ClInclude>
    <ClInclude Include="Libraries\imgui-1.92.3\imstb_truetype.h">
      <Filter>Header Files\ImGui</Filter>
    </ClInclude>
    <ClInclude Include="Libraries\imgui-1.92.3\backends\imgui_impl_glfw.h">
      <Filter>Header Files\ImGui</Filter>
    </ClInclude>
    <ClInclude Include="Libraries\imgui-1.92.3\backends\imgui_impl_vulkan.h">
      <Filter>Header Files\ImGui</Filter>
    </ClInclude>
    <ClInclude Include="AfterglowPanel.h">
      <Filter>Header Files\Panels</Filter>
    </ClInclude>
    <ClInclude Include="AfterglowRenderPanel.h">
      <Filter>Header Files\Panels</Filter>
    </ClInclude>
    <ClInclude Include="AfterglowGUI.h">
      <Filter>Header Files\Panels</Filter>
    </ClInclude>
    <ClInclude Include="AfterglowRenderStatus.h">
      <Filter>Header Files</Filter>
    </ClInclude>
    <ClInclude Include="Carousel.h">
      <Filter>Header Files\Shared</Filter>
    </ClInclude>
    <ClInclude Include="AfterglowTicker.h">
      <Filter>Header Files</Filter>
    </ClInclude>
    <ClInclude Include="AfterglowConsolePanel.h">
      <Filter>Header Files\Panels</Filter>
    </ClInclude>
    <ClInclude Include="AfterglowSystemPanel.h">
      <Filter>Header Files\Panels</Filter>
    </ClInclude>
    <ClInclude Include="AfterglowFPSCarousel.h">
      <Filter>Header Files</Filter>
    </ClInclude>
    <ClInclude Include="AfterglowScenePanel.h">
      <Filter>Header Files\Panels</Filter>
    </ClInclude>
    <ClInclude Include="AfterglowStorageImage.h">
      <Filter>Header Files</Filter>
    </ClInclude>
    <ClInclude Include="RenderConfigurations.h">
      <Filter>Header Files\Definitions</Filter>
    </ClInclude>
    <ClInclude Include="AfterglowMaterialUtilities.h">
      <Filter>Header Files</Filter>
    </ClInclude>
    <ClInclude Include="DanglingTracer.h">
      <Filter>Header Files\Shared</Filter>
    </ClInclude>
    <ClInclude Include="AfterglowShapeMeshResource.h">
      <Filter>Header Files</Filter>
    </ClInclude>
    <ClInclude Include="TypeMagic.h">
      <Filter>Header Files\Shared</Filter>
    </ClInclude>
    <ClInclude Include="TypeConstraints.h">
      <Filter>Header Files\Shared</Filter>
    </ClInclude>
    <ClInclude Include="ACESCommon.h">
      <Filter>Header Files\ACES</Filter>
    </ClInclude>
    <ClInclude Include="ACESUtilities.h">
      <Filter>Header Files\ACES</Filter>
    </ClInclude>
    <ClInclude Include="ACESOutputDevice.h">
      <Filter>Header Files\ACES</Filter>
    </ClInclude>
    <ClInclude Include="AfterglowRenderableComponent.h">
      <Filter>Header Files\Components</Filter>
    </ClInclude>
    <ClInclude Include="AfterglowBloomPassSet.h">
      <Filter>Header Files\RenderPass</Filter>
    </ClInclude>
    <ClInclude Include="AfterglowForwardPass.h">
      <Filter>Header Files\RenderPass</Filter>
    </ClInclude>
    <ClInclude Include="AfterglowPassInterface.h">
      <Filter>Header Files\RenderPass</Filter>
    </ClInclude>
    <ClInclude Include="AfterglowPostProcessPass.h">
      <Filter>Header Files\RenderPass</Filter>
    </ClInclude>
    <ClInclude Include="AfterglowRenderPass.h">
      <Filter>Header Files\RenderPass</Filter>
    </ClInclude>
    <ClInclude Include="AfterglowPassManager.h">
      <Filter>Header Files\RenderPass</Filter>
    </ClInclude>
    <ClInclude Include="AfterglowSubpassContext.h">
      <Filter>Header Files\RenderPass</Filter>
    </ClInclude>
    <ClInclude Include="AfterglowPassSet.h">
      <Filter>Header Files\RenderPass</Filter>
    </ClInclude>
    <ClInclude Include="AfterglowPassSetBase.h">
      <Filter>Header Files\RenderPass</Filter>
    </ClInclude>
    <ClInclude Include="AfterglowTransparencyPass.h">
      <Filter>Header Files\RenderPass</Filter>
    </ClInclude>
    <ClInclude Include="AfterglowUserInterfacePass.h">
      <Filter>Header Files\RenderPass</Filter>
    </ClInclude>
    <ClInclude Include="SwapchainConfigurations.h">
      <Filter>Header Files\Definitions</Filter>
    </ClInclude>
    <ClInclude Include="AfterglowDownSamplingPass.h">
      <Filter>Header Files\RenderPass</Filter>
    </ClInclude>
    <ClInclude Include="AfterglowBloomPass.h">
      <Filter>Header Files\RenderPass</Filter>
    </ClInclude>
    <ClInclude Include="ExceptionUtilities.h">
      <Filter>Header Files\Shared</Filter>
    </ClInclude>
    <ClInclude Include="AfterglowShapeMeshComponent.h">
      <Filter>Header Files\Components</Filter>
    </ClInclude>
    <ClInclude Include="AfterglowCullingUtilities.h">
      <Filter>Header Files</Filter>
    </ClInclude>
  </ItemGroup>
</Project>